
Microsoft Visual Studio Solution File, Format Version 12.00
# Visual Studio Version 16
VisualStudioVersion = 16.0.30204.135
MinimumVisualStudioVersion = 10.0.40219.1
Project("{FAE04EC0-301F-11D3-BF4B-00C04F79EFBC}") = "TodoLegal.Test1", "TodoLegal.Test1\TodoLegal.Test1.csproj", "{569E1382-8768-4469-B83E-244432E5AFDD}"
EndProject
Global
	GlobalSection(SolutionConfigurationPlatforms) = preSolution
		Debug|Any CPU = Debug|Any CPU
		Release|Any CPU = Release|Any CPU
	EndGlobalSection
	GlobalSection(ProjectConfigurationPlatforms) = postSolution
		{569E1382-8768-4469-B83E-244432E5AFDD}.Debug|Any CPU.ActiveCfg = Debug|Any CPU
		{569E1382-8768-4469-B83E-244432E5AFDD}.Debug|Any CPU.Build.0 = Debug|Any CPU
		{569E1382-8768-4469-B83E-244432E5AFDD}.Release|Any CPU.ActiveCfg = Release|Any CPU
		{569E1382-8768-4469-B83E-244432E5AFDD}.Release|Any CPU.Build.0 = Release|Any CPU
	EndGlobalSection
	GlobalSection(SolutionProperties) = preSolution
		HideSolutionNode = FALSE
	EndGlobalSection
	GlobalSection(ExtensibilityGlobals) = postSolution
		SolutionGuid = {97D6A7D6-6E63-49F5-B5A4-65BAEFE681A7}
	EndGlobalSection
EndGlobal
